
Microsoft Visual Studio Solution File, Format Version 12.00
# Visual Studio Version 17
VisualStudioVersion = 17.2.32602.215
MinimumVisualStudioVersion = 10.0.40219.1
Project("{FAE04EC0-301F-11D3-BF4B-00C04F79EFBC}") = "DiscDoingsWPF", "DiscDoingsWPF\DiscDoingsWPF.csproj", "{39CB397B-CC3E-4321-8FBC-CE43EC1E3671}"
EndProject
Global
	GlobalSection(SolutionConfigurationPlatforms) = preSolution
		Debug|Any CPU = Debug|Any CPU
		Release|Any CPU = Release|Any CPU
	EndGlobalSection
	GlobalSection(ProjectConfigurationPlatforms) = postSolution
		{39CB397B-CC3E-4321-8FBC-CE43EC1E3671}.Debug|Any CPU.ActiveCfg = Debug|Any CPU
		{39CB397B-CC3E-4321-8FBC-CE43EC1E3671}.Debug|Any CPU.Build.0 = Debug|Any CPU
		{39CB397B-CC3E-4321-8FBC-CE43EC1E3671}.Release|Any CPU.ActiveCfg = Release|Any CPU
		{39CB397B-CC3E-4321-8FBC-CE43EC1E3671}.Release|Any CPU.Build.0 = Release|Any CPU
	EndGlobalSection
	GlobalSection(SolutionProperties) = preSolution
		HideSolutionNode = FALSE
	EndGlobalSection
	GlobalSection(ExtensibilityGlobals) = postSolution
		SolutionGuid = {5E3C2220-65E1-4FD6-AB4F-B4286922E611}
	EndGlobalSection
EndGlobal
